<?xml version="1.0" encoding="utf-8"?>
<Project ToolsVersion="4.0" xmlns="http://schemas.microsoft.com/developer/msbuild/2003">
  <ItemGroup>
    <Filter Include="Source Files">
      <UniqueIdentifier>{b3ace5e6-d749-403e-9683-1d799d6c445c}</UniqueIdentifier>
      <Extensions>cpp;c;cxx;rc;def;r;odl;hpj;bat;for;f90</Extensions>
    </Filter>
    <Filter Include="Header Files">
      <UniqueIdentifier>{67762fe8-b5b9-4ad6-9145-b212cf2f161a}</UniqueIdentifier>
      <Extensions>h;hpp;hxx;hm;inl;fi;fd</Extensions>
    </Filter>
    <Filter Include="Resource Files">
      <UniqueIdentifier>{41124d2e-cb82-4980-b152-c03d4ad3d2f4}</UniqueIdentifier>
      <Extensions>ico;cur;bmp;dlg;rc2;rct;bin;cnt;rtf;gif;jpg;jpeg;jpe</Extensions>
    </Filter>
  </ItemGroup>
  <ItemGroup>
    <ClCompile Include="Source\Lib\GeomDBase\ClipMesh.cpp">
      <Filter>Source Files</Filter>
    </ClCompile>
    <ClCompile Include="Source\Lib\Renderer\GeomTypes.cpp">
      <Filter>Source Files</Filter>
    </ClCompile>
    <ClCompile Include="Source\Lib\Renderer\GeomTypesBox.cpp">
      <Filter>Source Files</Filter>
    </ClCompile>
    <ClCompile Include="Source\Lib\Renderer\GeomTypesCamera.cpp">
      <Filter>Source Files</Filter>
    </ClCompile>
    <ClCompile Include="Source\Lib\Renderer\GeomTypesPlane.cpp">
      <Filter>Source Files</Filter>
    </ClCompile>
    <ClCompile Include="Source\Lib\Renderer\GeomTypesPoly.cpp">
      <Filter>Source Files</Filter>
    </ClCompile>
    <ClCompile Include="Source\Lib\Renderer\GeomTypesSphere.cpp">
      <Filter>Source Files</Filter>
    </ClCompile>
    <ClCompile Include="Source\Lib\GeomDBase\Hull.cpp">
      <Filter>Source Files</Filter>
    </ClCompile>
    <ClCompile Include="Source\Lib\GeomDBase\Mesh.cpp">
      <Filter>Source Files</Filter>
    </ClCompile>
    <ClCompile Include="Source\Lib\Renderer\Occlude.cpp">
      <Filter>Source Files</Filter>
    </ClCompile>
    <ClCompile Include="Source\Lib\GeomDBase\Partition.cpp">
      <Filter>Source Files</Filter>
    </ClCompile>
    <ClCompile Include="Source\Lib\GeomDBase\PartitionBuild.cpp">
      <Filter>Source Files</Filter>
    </ClCompile>
    <ClCompile Include="Source\Lib\GeomDBase\PartitionPriv.cpp">
      <Filter>Source Files</Filter>
    </ClCompile>
    <ClCompile Include="Source\Lib\GeomDBase\PartitionSpace.cpp">
      <Filter>Source Files</Filter>
    </ClCompile>
    <ClCompile Include="Source\Lib\GeomDBase\PlaneDef.cpp">
      <Filter>Source Files</Filter>
    </ClCompile>
    <ClCompile Include="Source\GUIApp\PreDefinedShapes.cpp">
      <Filter>Source Files</Filter>
    </ClCompile>
    <ClCompile Include="Source\Lib\GeomDBase\RayCast.cpp">
      <Filter>Source Files</Filter>
    </ClCompile>
    <ClCompile Include="Source\Lib\Renderer\RenderType.cpp">
      <Filter>Source Files</Filter>
    </ClCompile>
    <ClCompile Include="Source\Lib\GeomDBase\Shape.cpp">
      <Filter>Source Files</Filter>
    </ClCompile>
    <ClCompile Include="Source\Lib\GeomDBase\Skeleton.cpp">
      <Filter>Source Files</Filter>
    </ClCompile>
    <ClCompile Include="Source\Lib\GeomDBase\Terrain.cpp">
      <Filter>Source Files</Filter>
    </ClCompile>
    <ClCompile Include="Source\Lib\GeomDBase\TerrainLoad.cpp">
      <Filter>Source Files</Filter>
    </ClCompile>
    <ClCompile Include="Source\Lib\GeomDBase\TerrainObj.cpp">
      <Filter>Source Files</Filter>
    </ClCompile>
    <ClCompile Include="Source\Lib\GeomDBase\TerrainTexture.cpp">
      <Filter>Source Files</Filter>
    </ClCompile>
    <ClCompile Include="Source\Lib\GeomDBase\TexturePageManager.cpp">
      <Filter>Source Files</Filter>
    </ClCompile>
    <ClCompile Include="Source\Lib\GeomDBase\WaterQuadTree.cpp">
      <Filter>Source Files</Filter>
    </ClCompile>
    <ClCompile Include="Source\Lib\GeomDBase\WaveletConv.cpp">
      <Filter>Source Files</Filter>
    </ClCompile>
    <ClCompile Include="Source\Lib\GeomDBase\WaveletDataFormat.cpp">
      <Filter>Source Files</Filter>
    </ClCompile>
    <ClCompile Include="Source\Lib\GeomDBase\WaveletQuadTree.cpp">
      <Filter>Source Files</Filter>
    </ClCompile>
    <ClCompile Include="Source\Lib\GeomDBase\WaveletQuadTreeBase.cpp">
      <Filter>Source Files</Filter>
    </ClCompile>
    <ClCompile Include="Source\Lib\GeomDBase\WaveletQuadTreeBaseRecalc.cpp">
      <Filter>Source Files</Filter>
    </ClCompile>
    <ClCompile Include="Source\Lib\GeomDBase\WaveletQuadTreeBaseTri.cpp">
      <Filter>Source Files</Filter>
    </ClCompile>
    <ClCompile Include="Source\Lib\GeomDBase\WaveletQuadTreeQuery.cpp">
      <Filter>Source Files</Filter>
    </ClCompile>
    <ClCompile Include="Source\Lib\GeomDBase\WaveletQuadTreeTForm.cpp">
      <Filter>Source Files</Filter>
    </ClCompile>
    <ClCompile Include="Source\Lib\GeomDBase\WaveletStaticData.cpp">
      <Filter>Source Files</Filter>
    </ClCompile>
  </ItemGroup>
  <ItemGroup>
    <ClInclude Include="Source\Lib\GeomDBase\ClipMesh.hpp">
      <Filter>Header Files</Filter>
    </ClInclude>
    <ClInclude Include="Source\Lib\EntityDBase\Container.hpp">
      <Filter>Header Files</Filter>
    </ClInclude>
    <ClInclude Include="source\Lib\Renderer\GeomTypes.hpp">
      <Filter>Header Files</Filter>
    </ClInclude>
    <ClInclude Include="Source\Lib\Renderer\Primitives\IndexT.hpp">
      <Filter>Header Files</Filter>
    </ClInclude>
    <ClInclude Include="source\Lib\GeomDBase\Mesh.hpp">
      <Filter>Header Files</Filter>
    </ClInclude>
    <ClInclude Include="Source\Lib\GeomDBase\MeshIterator.hpp">
      <Filter>Header Files</Filter>
    </ClInclude>
    <ClInclude Include="source\Lib\Renderer\Occlude.hpp">
      <Filter>Header Files</Filter>
    </ClInclude>
    <ClInclude Include="source\Lib\GeomDBase\Partition.hpp">
      <Filter>Header Files</Filter>
    </ClInclude>
    <ClInclude Include="source\Lib\GeomDBase\PartitionBuild.hpp">
      <Filter>Header Files</Filter>
    </ClInclude>
    <ClInclude Include="source\Lib\GeomDBase\PartitionPriv.hpp">
      <Filter>Header Files</Filter>
    </ClInclude>
    <ClInclude Include="source\Lib\GeomDBase\PartitionSpace.hpp">
      <Filter>Header Files</Filter>
    </ClInclude>
    <ClInclude Include="source\GUIApp\PredefinedShapes.hpp">
      <Filter>Header Files</Filter>
    </ClInclude>
    <ClInclude Include="source\Lib\GeomDBase\RayCast.hpp">
      <Filter>Header Files</Filter>
    </ClInclude>
    <ClInclude Include="source\Lib\Renderer\RenderType.hpp">
      <Filter>Header Files</Filter>
    </ClInclude>
    <ClInclude Include="source\Lib\GeomDBase\Shape.hpp">
      <Filter>Header Files</Filter>
    </ClInclude>
    <ClInclude Include="source\Lib\GeomDBase\Skeleton.hpp">
      <Filter>Header Files</Filter>
    </ClInclude>
    <ClInclude Include="Source\Lib\GeomDBase\SkeletonIterator.hpp">
      <Filter>Header Files</Filter>
    </ClInclude>
    <ClInclude Include="source\Lib\GeomDBase\Terrain.hpp">
      <Filter>Header Files</Filter>
    </ClInclude>
    <ClInclude Include="source\Lib\GeomDBase\TerrainLoad.hpp">
      <Filter>Header Files</Filter>
    </ClInclude>
    <ClInclude Include="source\Lib\GeomDBase\TerrainObj.hpp">
      <Filter>Header Files</Filter>
    </ClInclude>
    <ClInclude Include="source\Lib\GeomDBase\TerrainTexture.hpp">
      <Filter>Header Files</Filter>
    </ClInclude>
    <ClInclude Include="source\Lib\GeomDBase\TexturePageManager.hpp">
      <Filter>Header Files</Filter>
    </ClInclude>
    <ClInclude Include="source\Lib\GeomDBase\WaterQuadTree.hpp">
      <Filter>Header Files</Filter>
    </ClInclude>
    <ClInclude Include="source\Lib\GeomDBase\WaveletConv.hpp">
      <Filter>Header Files</Filter>
    </ClInclude>
    <ClInclude Include="source\Lib\GeomDBase\WaveletDataFormat.hpp">
      <Filter>Header Files</Filter>
    </ClInclude>
    <ClInclude Include="source\Lib\GeomDBase\WaveletQuadTree.hpp">
      <Filter>Header Files</Filter>
    </ClInclude>
    <ClInclude Include="source\Lib\GeomDBase\WaveletQuadTreeBase.hpp">
      <Filter>Header Files</Filter>
    </ClInclude>
    <ClInclude Include="source\Lib\GeomDBase\WaveletQuadTreeBaseRecalc.hpp">
      <Filter>Header Files</Filter>
    </ClInclude>
    <ClInclude Include="source\Lib\GeomDBase\WaveletQuadTreeBaseTri.hpp">
      <Filter>Header Files</Filter>
    </ClInclude>
    <ClInclude Include="source\Lib\GeomDBase\WaveletQuadTreeQuery.hpp">
      <Filter>Header Files</Filter>
    </ClInclude>
    <ClInclude Include="source\Lib\GeomDBase\WaveletQuadTreeTForm.hpp">
      <Filter>Header Files</Filter>
    </ClInclude>
    <ClInclude Include="source\Lib\GeomDBase\WaveletStaticData.hpp">
      <Filter>Header Files</Filter>
    </ClInclude>
  </ItemGroup>
</Project>