<?xml version="1.0" encoding="utf-8"?>
<Project ToolsVersion="4.0" xmlns="http://schemas.microsoft.com/developer/msbuild/2003">
  <ItemGroup>
    <Filter Include="Source Files">
      <UniqueIdentifier>{03f89962-1ef8-42a9-a236-ee610b62ba5b}</UniqueIdentifier>
      <Extensions>cpp;c;cxx;rc;def;r;odl;hpj;bat;for;f90</Extensions>
    </Filter>
    <Filter Include="Header Files">
      <UniqueIdentifier>{bf88cdf9-6cbb-4c29-a39a-e7da69168afa}</UniqueIdentifier>
      <Extensions>h;hpp;hxx;hm;inl;fi;fd</Extensions>
    </Filter>
    <Filter Include="Resource Files">
      <UniqueIdentifier>{e62be015-6b83-4e4e-8eac-cad08c24d566}</UniqueIdentifier>
      <Extensions>ico;cur;bmp;dlg;rc2;rct;bin;cnt;rtf;gif;jpg;jpeg;jpe</Extensions>
    </Filter>
  </ItemGroup>
  <ItemGroup>
    <ClCompile Include="Source\GUIApp\AI Dialogs2Dlg.cpp">
      <Filter>Source Files</Filter>
    </ClCompile>
    <ClCompile Include="Source\GUIApp\Background.cpp">
      <Filter>Source Files</Filter>
    </ClCompile>
    <ClCompile Include="Source\GUIApp\CameraProperties.cpp">
      <Filter>Source Files</Filter>
    </ClCompile>
    <ClCompile Include="Source\GUIApp\DialogAlphaColour.cpp">
      <Filter>Source Files</Filter>
    </ClCompile>
    <ClCompile Include="Source\GUIApp\DialogBumpPack.cpp">
      <Filter>Source Files</Filter>
    </ClCompile>
    <ClCompile Include="Source\GUIApp\DialogCulling.cpp">
      <Filter>Source Files</Filter>
    </ClCompile>
    <ClCompile Include="Source\GUIApp\DialogDepthSort.cpp">
      <Filter>Source Files</Filter>
    </ClCompile>
    <ClCompile Include="Source\GUIApp\DialogFog.cpp">
      <Filter>Source Files</Filter>
    </ClCompile>
    <ClCompile Include="Source\GUIApp\DialogGamma.cpp">
      <Filter>Source Files</Filter>
    </ClCompile>
    <ClCompile Include="Source\GUIApp\DialogGore.cpp">
      <Filter>Source Files</Filter>
    </ClCompile>
    <ClCompile Include="Source\GUIApp\DialogGun.cpp">
      <Filter>Source Files</Filter>
    </ClCompile>
    <ClCompile Include="Source\GUIApp\DialogMagnet.cpp">
      <Filter>Source Files</Filter>
    </ClCompile>
    <ClCompile Include="Source\GUIApp\DialogMaterial.cpp">
      <Filter>Source Files</Filter>
    </ClCompile>
    <ClCompile Include="Source\GUIApp\DialogMemLog.cpp">
      <Filter>Source Files</Filter>
    </ClCompile>
    <ClCompile Include="Source\GUIApp\DialogMipmap.cpp">
      <Filter>Source Files</Filter>
    </ClCompile>
    <ClCompile Include="Source\GUIApp\DialogObject.cpp">
      <Filter>Source Files</Filter>
    </ClCompile>
    <ClCompile Include="Source\GUIApp\DialogOcclusion.cpp">
      <Filter>Source Files</Filter>
    </ClCompile>
    <ClCompile Include="Source\GUIApp\DialogPartition.cpp">
      <Filter>Source Files</Filter>
    </ClCompile>
    <ClCompile Include="Source\GUIApp\DialogPhysics.cpp">
      <Filter>Source Files</Filter>
    </ClCompile>
    <ClCompile Include="Source\GUIApp\DialogPlayer.cpp">
      <Filter>Source Files</Filter>
    </ClCompile>
    <ClCompile Include="Source\GUIApp\DialogRenderCache.cpp">
      <Filter>Source Files</Filter>
    </ClCompile>
    <ClCompile Include="Source\GUIApp\DialogScheduler.cpp">
      <Filter>Source Files</Filter>
    </ClCompile>
    <ClCompile Include="Source\GUIApp\DialogSky.cpp">
      <Filter>Source Files</Filter>
    </ClCompile>
    <ClCompile Include="Source\GUIApp\DialogSoundMaterial.cpp">
      <Filter>Source Files</Filter>
    </ClCompile>
    <ClCompile Include="Source\GUIApp\DialogString.cpp">
      <Filter>Source Files</Filter>
    </ClCompile>
    <ClCompile Include="Source\GUIApp\DialogTeleport.cpp">
      <Filter>Source Files</Filter>
    </ClCompile>
    <ClCompile Include="Source\GUIApp\DialogTerrain.cpp">
      <Filter>Source Files</Filter>
    </ClCompile>
    <ClCompile Include="Source\GUIApp\DialogTexturePack.cpp">
      <Filter>Source Files</Filter>
    </ClCompile>
    <ClCompile Include="Source\GUIApp\DialogTexturePackOptions.cpp">
      <Filter>Source Files</Filter>
    </ClCompile>
    <ClCompile Include="Source\GUIApp\DialogVM.cpp">
      <Filter>Source Files</Filter>
    </ClCompile>
    <ClCompile Include="Source\GUIApp\DialogWater.cpp">
      <Filter>Source Files</Filter>
    </ClCompile>
    <ClCompile Include="Source\GUIApp\FindDuplicates.cpp">
      <Filter>Source Files</Filter>
    </ClCompile>
    <ClCompile Include="Source\GUIApp\GDIBitmap.cpp">
      <Filter>Source Files</Filter>
    </ClCompile>
    <ClCompile Include="Source\GUIApp\GUIApp.cpp">
      <Filter>Source Files</Filter>
    </ClCompile>
    <ClCompile Include="Source\GUIApp\GUIAppDlg.cpp">
      <Filter>Source Files</Filter>
    </ClCompile>
    <ClCompile Include="Source\GUIApp\GUIControls.cpp">
      <Filter>Source Files</Filter>
    </ClCompile>
    <ClCompile Include="Source\GUIApp\GUIPipeline.cpp">
      <Filter>Source Files</Filter>
    </ClCompile>
    <ClCompile Include="Source\GUIApp\GUITools.cpp">
      <Filter>Source Files</Filter>
    </ClCompile>
    <ClCompile Include="Source\GUIApp\LightProperties.cpp">
      <Filter>Source Files</Filter>
    </ClCompile>
    <ClCompile Include="Source\GUIApp\Options.cpp">
      <Filter>Source Files</Filter>
    </ClCompile>
    <ClCompile Include="Source\GUIApp\ParameterDlg.cpp">
      <Filter>Source Files</Filter>
    </ClCompile>
    <ClCompile Include="Source\GUIApp\PerspectiveSubdivideDialog.cpp">
      <Filter>Source Files</Filter>
    </ClCompile>
    <ClCompile Include="Source\GUIApp\QualityDialog.cpp">
      <Filter>Source Files</Filter>
    </ClCompile>
    <ClCompile Include="Source\GUIApp\SoundPropertiesDlg.cpp">
      <Filter>Source Files</Filter>
    </ClCompile>
    <ClCompile Include="Source\GUIApp\StdAfx.cpp">
      <Filter>Source Files</Filter>
    </ClCompile>
    <ClCompile Include="Source\GUIApp\TerrainTest.cpp">
      <Filter>Source Files</Filter>
    </ClCompile>
    <ClCompile Include="Source\GUIApp\Toolbar.cpp">
      <Filter>Source Files</Filter>
    </ClCompile>
  </ItemGroup>
  <ItemGroup>
    <ResourceCompile Include="Source\GUIApp\GUIApp.rc">
      <Filter>Source Files</Filter>
    </ResourceCompile>
  </ItemGroup>
  <ItemGroup>
    <ClInclude Include="Source\GUIApp\AI Dialogs2Dlg.h">
      <Filter>Header Files</Filter>
    </ClInclude>
    <ClInclude Include="Source\GUIApp\Background.hpp">
      <Filter>Header Files</Filter>
    </ClInclude>
    <ClInclude Include="Source\GUIApp\CameraProperties.hpp">
      <Filter>Header Files</Filter>
    </ClInclude>
    <ClInclude Include="Source\GUIApp\DialogAlphaColour.hpp">
      <Filter>Header Files</Filter>
    </ClInclude>
    <ClInclude Include="Source\GUIApp\DialogBumpPack.hpp">
      <Filter>Header Files</Filter>
    </ClInclude>
    <ClInclude Include="Source\GUIApp\DialogCulling.hpp">
      <Filter>Header Files</Filter>
    </ClInclude>
    <ClInclude Include="Source\GUIApp\DialogDepthSort.hpp">
      <Filter>Header Files</Filter>
    </ClInclude>
    <ClInclude Include="Source\GUIApp\DialogFog.hpp">
      <Filter>Header Files</Filter>
    </ClInclude>
    <ClInclude Include="Source\GUIApp\DialogGamma.hpp">
      <Filter>Header Files</Filter>
    </ClInclude>
    <ClInclude Include="Source\GUIApp\DialogGore.hpp">
      <Filter>Header Files</Filter>
    </ClInclude>
    <ClInclude Include="Source\GUIApp\DialogGun.hpp">
      <Filter>Header Files</Filter>
    </ClInclude>
    <ClInclude Include="Source\GUIApp\DialogMagnet.h">
      <Filter>Header Files</Filter>
    </ClInclude>
    <ClInclude Include="Source\GUIApp\DialogMaterial.h">
      <Filter>Header Files</Filter>
    </ClInclude>
    <ClInclude Include="Source\GUIApp\DialogMemLog.hpp">
      <Filter>Header Files</Filter>
    </ClInclude>
    <ClInclude Include="Source\GUIApp\DialogMipmap.hpp">
      <Filter>Header Files</Filter>
    </ClInclude>
    <ClInclude Include="Source\GUIApp\DialogObject.h">
      <Filter>Header Files</Filter>
    </ClInclude>
    <ClInclude Include="Source\GUIApp\DialogOcclusion.hpp">
      <Filter>Header Files</Filter>
    </ClInclude>
    <ClInclude Include="Source\GUIApp\DialogPartition.hpp">
      <Filter>Header Files</Filter>
    </ClInclude>
    <ClInclude Include="Source\GUIApp\DialogPhysics.hpp">
      <Filter>Header Files</Filter>
    </ClInclude>
    <ClInclude Include="Source\GUIApp\DialogPlayer.h">
      <Filter>Header Files</Filter>
    </ClInclude>
    <ClInclude Include="Source\GUIApp\DialogRenderCache.hpp">
      <Filter>Header Files</Filter>
    </ClInclude>
    <ClInclude Include="Source\GUIApp\DialogScheduler.hpp">
      <Filter>Header Files</Filter>
    </ClInclude>
    <ClInclude Include="Source\GUIApp\DialogSky.hpp">
      <Filter>Header Files</Filter>
    </ClInclude>
    <ClInclude Include="Source\GUIApp\DialogSoundMaterial.hpp">
      <Filter>Header Files</Filter>
    </ClInclude>
    <ClInclude Include="Source\GUIApp\DialogString.hpp">
      <Filter>Header Files</Filter>
    </ClInclude>
    <ClInclude Include="DialogTeleport.h">
      <Filter>Header Files</Filter>
    </ClInclude>
    <ClInclude Include="Source\GUIApp\DialogTeleport.h">
      <Filter>Header Files</Filter>
    </ClInclude>
    <ClInclude Include="Source\GUIApp\DialogTerrain.hpp">
      <Filter>Header Files</Filter>
    </ClInclude>
    <ClInclude Include="Source\GUIApp\DialogTexturePack.hpp">
      <Filter>Header Files</Filter>
    </ClInclude>
    <ClInclude Include="Source\GUIApp\DialogTexturePackOptions.hpp">
      <Filter>Header Files</Filter>
    </ClInclude>
    <ClInclude Include="Source\GUIApp\DialogVM.hpp">
      <Filter>Header Files</Filter>
    </ClInclude>
    <ClInclude Include="Source\GUIApp\DialogWater.hpp">
      <Filter>Header Files</Filter>
    </ClInclude>
    <ClInclude Include="Source\GUIApp\GDIBitmap.hpp">
      <Filter>Header Files</Filter>
    </ClInclude>
    <ClInclude Include="Source\GUIApp\GUIApp.h">
      <Filter>Header Files</Filter>
    </ClInclude>
    <ClInclude Include="source\GUIApp\GUIAppDlg.h">
      <Filter>Header Files</Filter>
    </ClInclude>
    <ClInclude Include="Source\GUIApp\GUIControls.hpp">
      <Filter>Header Files</Filter>
    </ClInclude>
    <ClInclude Include="source\GUIApp\GUIPipeLine.hpp">
      <Filter>Header Files</Filter>
    </ClInclude>
    <ClInclude Include="Source\GUIApp\GUITools.hpp">
      <Filter>Header Files</Filter>
    </ClInclude>
    <ClInclude Include="Source\GUIApp\LightProperties.hpp">
      <Filter>Header Files</Filter>
    </ClInclude>
    <ClInclude Include="source\GUIApp\ParameterDlg.h">
      <Filter>Header Files</Filter>
    </ClInclude>
    <ClInclude Include="Source\GUIApp\PerspectiveSubdivideDialog.hpp">
      <Filter>Header Files</Filter>
    </ClInclude>
    <ClInclude Include="Source\GUIApp\QualityDialog.hpp">
      <Filter>Header Files</Filter>
    </ClInclude>
    <ClInclude Include="Source\GUIApp\SoundPropertiesDlg.hpp">
      <Filter>Header Files</Filter>
    </ClInclude>
    <ClInclude Include="Source\GUIApp\StdAfx.h">
      <Filter>Header Files</Filter>
    </ClInclude>
    <ClInclude Include="Source\GUIApp\TerrainTest.hpp">
      <Filter>Header Files</Filter>
    </ClInclude>
    <ClInclude Include="Source\GUIApp\Toolbar.hpp">
      <Filter>Header Files</Filter>
    </ClInclude>
  </ItemGroup>
  <ItemGroup>
    <Image Include="Source\GUIApp\res\GUIApp.ico">
      <Filter>Resource Files</Filter>
    </Image>
    <Image Include="Source\GUIApp\res\icon1.ico">
      <Filter>Resource Files</Filter>
    </Image>
    <Image Include="Source\GUIApp\res\icon_rap.ico">
      <Filter>Resource Files</Filter>
    </Image>
    <Image Include="Source\GUIApp\res\Palette.bmp">
      <Filter>Resource Files</Filter>
    </Image>
  </ItemGroup>
  <ItemGroup>
    <CustomBuild Include="Source\GUIApp\res\GUIApp.rc2">
      <Filter>Resource Files</Filter>
    </CustomBuild>
  </ItemGroup>
</Project>