
Microsoft Visual Studio Solution File, Format Version 12.00
# Visual Studio Version 16
VisualStudioVersion = 16.0.29613.14
MinimumVisualStudioVersion = 10.0.40219.1
Project("{8BC9CEB8-8B4A-11D0-8D11-00A0C91BC942}") = "AI", "AI.vcxproj", "{D41B324F-94A2-44A6-B0FA-DCEE82AB847C}"
EndProject
Project("{8BC9CEB8-8B4A-11D0-8D11-00A0C91BC942}") = "AI Test", "JP2_PC.vcxproj", "{713B5733-6A7C-4F27-8D80-CBB494009A67}"
EndProject
Project("{8BC9CEB8-8B4A-11D0-8D11-00A0C91BC942}") = "Audio", "Audio.vcxproj", "{D09BDD7B-8D8F-4530-A918-92056D4B6CB4}"
EndProject
Project("{8BC9CEB8-8B4A-11D0-8D11-00A0C91BC942}") = "Bugs", "Bugs.vcxproj", "{2283772C-C6C8-4F73-ABD4-902785248E4E}"
EndProject
Project("{8BC9CEB8-8B4A-11D0-8D11-00A0C91BC942}") = "CollisionEditor", "CollisionEditor.vcxproj", "{1D087C60-41DF-4F45-9EE4-9C2F13FB9D26}"
EndProject
Project("{8BC9CEB8-8B4A-11D0-8D11-00A0C91BC942}") = "EntityDBase", "EntityDBase.vcxproj", "{7F27C481-33EC-423F-A8C8-37C7849AC154}"
EndProject
Project("{8BC9CEB8-8B4A-11D0-8D11-00A0C91BC942}") = "File", "File.vcxproj", "{4434DCF3-4785-463A-A12F-535BCBBDE683}"
EndProject
Project("{8BC9CEB8-8B4A-11D0-8D11-00A0C91BC942}") = "File Test", "File Test.vcxproj", "{EC4C8C3E-0D43-4E38-A190-002820AC6E1E}"
EndProject
Project("{8BC9CEB8-8B4A-11D0-8D11-00A0C91BC942}") = "GUIApp", "GUIApp.vcxproj", "{C290A095-9F18-4B26-8874-242B0423BE98}"
EndProject
Project("{8BC9CEB8-8B4A-11D0-8D11-00A0C91BC942}") = "Game", "Game.vcxproj", "{046046A6-F8D3-49C8-A94D-A525EA0CA3F8}"
EndProject
Project("{8BC9CEB8-8B4A-11D0-8D11-00A0C91BC942}") = "GeomDBase", "GeomDBase.vcxproj", "{92972835-FB0E-4625-9F85-FCA159F72E21}"
EndProject
Project("{8BC9CEB8-8B4A-11D0-8D11-00A0C91BC942}") = "GroffBuild", "GroffBuild.vcxproj", "{29CD19AF-B64A-4A61-8595-935280A7A79E}"
EndProject
Project("{8BC9CEB8-8B4A-11D0-8D11-00A0C91BC942}") = "GroffExp", "GroffExp.vcxproj", "{F170F530-4151-4BAB-918D-6E6BDE562819}"
EndProject
Project("{8BC9CEB8-8B4A-11D0-8D11-00A0C91BC942}") = "Loader", "Loader.vcxproj", "{0B037087-835C-4779-9610-E1022C933D9D}"
EndProject
Project("{8BC9CEB8-8B4A-11D0-8D11-00A0C91BC942}") = "Math", "Math.vcxproj", "{8585B3DD-F839-4FD5-986A-D1358DBFFD0E}"
EndProject
Project("{8BC9CEB8-8B4A-11D0-8D11-00A0C91BC942}") = "MathTest", "MathTest.vcxproj", "{F1C6EE9B-933B-4EC4-BA5B-4D6CF384C691}"
EndProject
Project("{8BC9CEB8-8B4A-11D0-8D11-00A0C91BC942}") = "Physics", "Physics.vcxproj", "{7318ACF0-B2D6-4420-ABCA-88278E5D4B1B}"
EndProject
Project("{8BC9CEB8-8B4A-11D0-8D11-00A0C91BC942}") = "PhysicsTest", "PhysicsTest.vcxproj", "{5048E449-AF7C-4C7C-8654-002F208EB89D}"
EndProject
Project("{8BC9CEB8-8B4A-11D0-8D11-00A0C91BC942}") = "PipeLineTest", "PipeLineTest.vcxproj", "{CD5A7B4A-AE95-49D4-B9DA-E2736780F58E}"
EndProject
Project("{8BC9CEB8-8B4A-11D0-8D11-00A0C91BC942}") = "ProcessorDetect", "ProcessorDetect.vcxproj", "{2E3485AE-127E-4943-A49E-EE9D784B26F6}"
EndProject
Project("{8BC9CEB8-8B4A-11D0-8D11-00A0C91BC942}") = "QuantizerTool", "QuantizerTool.vcxproj", "{42280C25-23B2-4052-833F-96953D4D1B95}"
EndProject
Project("{8BC9CEB8-8B4A-11D0-8D11-00A0C91BC942}") = "Render3D", "Render3D.vcxproj", "{7BD7CCAD-42BE-460F-B16F-23D806870BFB}"
EndProject
Project("{8BC9CEB8-8B4A-11D0-8D11-00A0C91BC942}") = "ScreenRenderDWI", "ScreenRenderDWI.vcxproj", "{10C5CDE6-0CF1-47BC-B61D-94F090CCFCF8}"
EndProject
Project("{8BC9CEB8-8B4A-11D0-8D11-00A0C91BC942}") = "Std", "Std.vcxproj", "{B025A4CA-B6D4-4D6A-B0E6-DA96E04C34DD}"
EndProject
Project("{8BC9CEB8-8B4A-11D0-8D11-00A0C91BC942}") = "System", "System.vcxproj", "{6F4DE09B-A076-4F88-9096-09AF50F99D6C}"
EndProject
Project("{8BC9CEB8-8B4A-11D0-8D11-00A0C91BC942}") = "View", "View.vcxproj", "{AFF8DD1B-FE2C-41EE-AD7B-6F98BA327EF4}"
EndProject
Project("{8BC9CEB8-8B4A-11D0-8D11-00A0C91BC942}") = "WaveTest", "WaveTest.vcxproj", "{C11D57D4-5268-4F79-9E48-88B249BAD115}"
EndProject
Project("{8BC9CEB8-8B4A-11D0-8D11-00A0C91BC942}") = "WinShell", "WinShell.vcxproj", "{0F1FDE21-EDC6-45C7-8E74-6A52AB8D484C}"
EndProject
Project("{8BC9CEB8-8B4A-11D0-8D11-00A0C91BC942}") = "trespass", "trespass.vcxproj", "{B4FBC427-6C11-4DEA-A6C2-A5D51A7D6783}"
EndProject
Global
	GlobalSection(SolutionConfigurationPlatforms) = preSolution
		Debug|x86 = Debug|x86
		Final P6|x86 = Final P6|x86
		Final|x86 = Final|x86
		Release|x86 = Release|x86
		Template|x86 = Template|x86
	EndGlobalSection
	GlobalSection(ProjectConfigurationPlatforms) = postSolution
		{D41B324F-94A2-44A6-B0FA-DCEE82AB847C}.Debug|x86.ActiveCfg = Debug|Win32
		{D41B324F-94A2-44A6-B0FA-DCEE82AB847C}.Debug|x86.Build.0 = Debug|Win32
		{D41B324F-94A2-44A6-B0FA-DCEE82AB847C}.Final P6|x86.ActiveCfg = Final P6|Win32
		{D41B324F-94A2-44A6-B0FA-DCEE82AB847C}.Final P6|x86.Build.0 = Final P6|Win32
		{D41B324F-94A2-44A6-B0FA-DCEE82AB847C}.Final|x86.ActiveCfg = Final|Win32
		{D41B324F-94A2-44A6-B0FA-DCEE82AB847C}.Final|x86.Build.0 = Final|Win32
		{D41B324F-94A2-44A6-B0FA-DCEE82AB847C}.Release|x86.ActiveCfg = Release|Win32
		{D41B324F-94A2-44A6-B0FA-DCEE82AB847C}.Release|x86.Build.0 = Release|Win32
		{D41B324F-94A2-44A6-B0FA-DCEE82AB847C}.Template|x86.ActiveCfg = Release|Win32
		{D41B324F-94A2-44A6-B0FA-DCEE82AB847C}.Template|x86.Build.0 = Release|Win32
		{713B5733-6A7C-4F27-8D80-CBB494009A67}.Debug|x86.ActiveCfg = Debug|Win32
		{713B5733-6A7C-4F27-8D80-CBB494009A67}.Debug|x86.Build.0 = Debug|Win32
		{713B5733-6A7C-4F27-8D80-CBB494009A67}.Final P6|x86.ActiveCfg = Template|Win32
		{713B5733-6A7C-4F27-8D80-CBB494009A67}.Final P6|x86.Build.0 = Template|Win32
		{713B5733-6A7C-4F27-8D80-CBB494009A67}.Final|x86.ActiveCfg = Template|Win32
		{713B5733-6A7C-4F27-8D80-CBB494009A67}.Final|x86.Build.0 = Template|Win32
		{713B5733-6A7C-4F27-8D80-CBB494009A67}.Release|x86.ActiveCfg = Template|Win32
		{713B5733-6A7C-4F27-8D80-CBB494009A67}.Release|x86.Build.0 = Template|Win32
		{713B5733-6A7C-4F27-8D80-CBB494009A67}.Template|x86.ActiveCfg = Template|Win32
		{713B5733-6A7C-4F27-8D80-CBB494009A67}.Template|x86.Build.0 = Template|Win32
		{D09BDD7B-8D8F-4530-A918-92056D4B6CB4}.Debug|x86.ActiveCfg = Debug|Win32
		{D09BDD7B-8D8F-4530-A918-92056D4B6CB4}.Debug|x86.Build.0 = Debug|Win32
		{D09BDD7B-8D8F-4530-A918-92056D4B6CB4}.Final P6|x86.ActiveCfg = Final P6|Win32
		{D09BDD7B-8D8F-4530-A918-92056D4B6CB4}.Final P6|x86.Build.0 = Final P6|Win32
		{D09BDD7B-8D8F-4530-A918-92056D4B6CB4}.Final|x86.ActiveCfg = Final|Win32
		{D09BDD7B-8D8F-4530-A918-92056D4B6CB4}.Final|x86.Build.0 = Final|Win32
		{D09BDD7B-8D8F-4530-A918-92056D4B6CB4}.Release|x86.ActiveCfg = Release|Win32
		{D09BDD7B-8D8F-4530-A918-92056D4B6CB4}.Release|x86.Build.0 = Release|Win32
		{D09BDD7B-8D8F-4530-A918-92056D4B6CB4}.Template|x86.ActiveCfg = Template|Win32
		{D09BDD7B-8D8F-4530-A918-92056D4B6CB4}.Template|x86.Build.0 = Template|Win32
		{2283772C-C6C8-4F73-ABD4-902785248E4E}.Debug|x86.ActiveCfg = Debug|Win32
		{2283772C-C6C8-4F73-ABD4-902785248E4E}.Debug|x86.Build.0 = Debug|Win32
		{2283772C-C6C8-4F73-ABD4-902785248E4E}.Final P6|x86.ActiveCfg = Template|Win32
		{2283772C-C6C8-4F73-ABD4-902785248E4E}.Final P6|x86.Build.0 = Template|Win32
		{2283772C-C6C8-4F73-ABD4-902785248E4E}.Final|x86.ActiveCfg = Template|Win32
		{2283772C-C6C8-4F73-ABD4-902785248E4E}.Final|x86.Build.0 = Template|Win32
		{2283772C-C6C8-4F73-ABD4-902785248E4E}.Release|x86.ActiveCfg = Template|Win32
		{2283772C-C6C8-4F73-ABD4-902785248E4E}.Release|x86.Build.0 = Template|Win32
		{2283772C-C6C8-4F73-ABD4-902785248E4E}.Template|x86.ActiveCfg = Template|Win32
		{2283772C-C6C8-4F73-ABD4-902785248E4E}.Template|x86.Build.0 = Template|Win32
		{1D087C60-41DF-4F45-9EE4-9C2F13FB9D26}.Debug|x86.ActiveCfg = Debug|Win32
		{1D087C60-41DF-4F45-9EE4-9C2F13FB9D26}.Debug|x86.Build.0 = Debug|Win32
		{1D087C60-41DF-4F45-9EE4-9C2F13FB9D26}.Final P6|x86.ActiveCfg = Template|Win32
		{1D087C60-41DF-4F45-9EE4-9C2F13FB9D26}.Final P6|x86.Build.0 = Template|Win32
		{1D087C60-41DF-4F45-9EE4-9C2F13FB9D26}.Final|x86.ActiveCfg = Template|Win32
		{1D087C60-41DF-4F45-9EE4-9C2F13FB9D26}.Final|x86.Build.0 = Template|Win32
		{1D087C60-41DF-4F45-9EE4-9C2F13FB9D26}.Release|x86.ActiveCfg = Template|Win32
		{1D087C60-41DF-4F45-9EE4-9C2F13FB9D26}.Release|x86.Build.0 = Template|Win32
		{1D087C60-41DF-4F45-9EE4-9C2F13FB9D26}.Template|x86.ActiveCfg = Template|Win32
		{1D087C60-41DF-4F45-9EE4-9C2F13FB9D26}.Template|x86.Build.0 = Template|Win32
		{7F27C481-33EC-423F-A8C8-37C7849AC154}.Debug|x86.ActiveCfg = Debug|Win32
		{7F27C481-33EC-423F-A8C8-37C7849AC154}.Debug|x86.Build.0 = Debug|Win32
		{7F27C481-33EC-423F-A8C8-37C7849AC154}.Final P6|x86.ActiveCfg = Final P6|Win32
		{7F27C481-33EC-423F-A8C8-37C7849AC154}.Final P6|x86.Build.0 = Final P6|Win32
		{7F27C481-33EC-423F-A8C8-37C7849AC154}.Final|x86.ActiveCfg = Final|Win32
		{7F27C481-33EC-423F-A8C8-37C7849AC154}.Final|x86.Build.0 = Final|Win32
		{7F27C481-33EC-423F-A8C8-37C7849AC154}.Release|x86.ActiveCfg = Release|Win32
		{7F27C481-33EC-423F-A8C8-37C7849AC154}.Release|x86.Build.0 = Release|Win32
		{7F27C481-33EC-423F-A8C8-37C7849AC154}.Template|x86.ActiveCfg = Template|Win32
		{7F27C481-33EC-423F-A8C8-37C7849AC154}.Template|x86.Build.0 = Template|Win32
		{4434DCF3-4785-463A-A12F-535BCBBDE683}.Debug|x86.ActiveCfg = Debug|Win32
		{4434DCF3-4785-463A-A12F-535BCBBDE683}.Debug|x86.Build.0 = Debug|Win32
		{4434DCF3-4785-463A-A12F-535BCBBDE683}.Final P6|x86.ActiveCfg = Final|Win32
		{4434DCF3-4785-463A-A12F-535BCBBDE683}.Final P6|x86.Build.0 = Final|Win32
		{4434DCF3-4785-463A-A12F-535BCBBDE683}.Final|x86.ActiveCfg = Final|Win32
		{4434DCF3-4785-463A-A12F-535BCBBDE683}.Final|x86.Build.0 = Final|Win32
		{4434DCF3-4785-463A-A12F-535BCBBDE683}.Release|x86.ActiveCfg = Release|Win32
		{4434DCF3-4785-463A-A12F-535BCBBDE683}.Release|x86.Build.0 = Release|Win32
		{4434DCF3-4785-463A-A12F-535BCBBDE683}.Template|x86.ActiveCfg = Template|Win32
		{4434DCF3-4785-463A-A12F-535BCBBDE683}.Template|x86.Build.0 = Template|Win32
		{EC4C8C3E-0D43-4E38-A190-002820AC6E1E}.Debug|x86.ActiveCfg = Debug|Win32
		{EC4C8C3E-0D43-4E38-A190-002820AC6E1E}.Debug|x86.Build.0 = Debug|Win32
		{EC4C8C3E-0D43-4E38-A190-002820AC6E1E}.Final P6|x86.ActiveCfg = Template|Win32
		{EC4C8C3E-0D43-4E38-A190-002820AC6E1E}.Final P6|x86.Build.0 = Template|Win32
		{EC4C8C3E-0D43-4E38-A190-002820AC6E1E}.Final|x86.ActiveCfg = Template|Win32
		{EC4C8C3E-0D43-4E38-A190-002820AC6E1E}.Final|x86.Build.0 = Template|Win32
		{EC4C8C3E-0D43-4E38-A190-002820AC6E1E}.Release|x86.ActiveCfg = Template|Win32
		{EC4C8C3E-0D43-4E38-A190-002820AC6E1E}.Release|x86.Build.0 = Template|Win32
		{EC4C8C3E-0D43-4E38-A190-002820AC6E1E}.Template|x86.ActiveCfg = Template|Win32
		{EC4C8C3E-0D43-4E38-A190-002820AC6E1E}.Template|x86.Build.0 = Template|Win32
		{C290A095-9F18-4B26-8874-242B0423BE98}.Debug|x86.ActiveCfg = Debug|Win32
		{C290A095-9F18-4B26-8874-242B0423BE98}.Debug|x86.Build.0 = Debug|Win32
		{C290A095-9F18-4B26-8874-242B0423BE98}.Final P6|x86.ActiveCfg = Final P6|Win32
		{C290A095-9F18-4B26-8874-242B0423BE98}.Final P6|x86.Build.0 = Final P6|Win32
		{C290A095-9F18-4B26-8874-242B0423BE98}.Final|x86.ActiveCfg = Final|Win32
		{C290A095-9F18-4B26-8874-242B0423BE98}.Final|x86.Build.0 = Final|Win32
		{C290A095-9F18-4B26-8874-242B0423BE98}.Release|x86.ActiveCfg = Release|Win32
		{C290A095-9F18-4B26-8874-242B0423BE98}.Release|x86.Build.0 = Release|Win32
		{C290A095-9F18-4B26-8874-242B0423BE98}.Template|x86.ActiveCfg = Template|Win32
		{C290A095-9F18-4B26-8874-242B0423BE98}.Template|x86.Build.0 = Template|Win32
		{046046A6-F8D3-49C8-A94D-A525EA0CA3F8}.Debug|x86.ActiveCfg = Debug|Win32
		{046046A6-F8D3-49C8-A94D-A525EA0CA3F8}.Debug|x86.Build.0 = Debug|Win32
		{046046A6-F8D3-49C8-A94D-A525EA0CA3F8}.Final P6|x86.ActiveCfg = Final P6|Win32
		{046046A6-F8D3-49C8-A94D-A525EA0CA3F8}.Final P6|x86.Build.0 = Final P6|Win32
		{046046A6-F8D3-49C8-A94D-A525EA0CA3F8}.Final|x86.ActiveCfg = Final|Win32
		{046046A6-F8D3-49C8-A94D-A525EA0CA3F8}.Final|x86.Build.0 = Final|Win32
		{046046A6-F8D3-49C8-A94D-A525EA0CA3F8}.Release|x86.ActiveCfg = Release|Win32
		{046046A6-F8D3-49C8-A94D-A525EA0CA3F8}.Release|x86.Build.0 = Release|Win32
		{046046A6-F8D3-49C8-A94D-A525EA0CA3F8}.Template|x86.ActiveCfg = Template|Win32
		{046046A6-F8D3-49C8-A94D-A525EA0CA3F8}.Template|x86.Build.0 = Template|Win32
		{92972835-FB0E-4625-9F85-FCA159F72E21}.Debug|x86.ActiveCfg = Debug|Win32
		{92972835-FB0E-4625-9F85-FCA159F72E21}.Debug|x86.Build.0 = Debug|Win32
		{92972835-FB0E-4625-9F85-FCA159F72E21}.Final P6|x86.ActiveCfg = Final P6|Win32
		{92972835-FB0E-4625-9F85-FCA159F72E21}.Final P6|x86.Build.0 = Final P6|Win32
		{92972835-FB0E-4625-9F85-FCA159F72E21}.Final|x86.ActiveCfg = Final|Win32
		{92972835-FB0E-4625-9F85-FCA159F72E21}.Final|x86.Build.0 = Final|Win32
		{92972835-FB0E-4625-9F85-FCA159F72E21}.Release|x86.ActiveCfg = Release|Win32
		{92972835-FB0E-4625-9F85-FCA159F72E21}.Release|x86.Build.0 = Release|Win32
		{92972835-FB0E-4625-9F85-FCA159F72E21}.Template|x86.ActiveCfg = Template|Win32
		{92972835-FB0E-4625-9F85-FCA159F72E21}.Template|x86.Build.0 = Template|Win32
		{29CD19AF-B64A-4A61-8595-935280A7A79E}.Debug|x86.ActiveCfg = Debug|Win32
		{29CD19AF-B64A-4A61-8595-935280A7A79E}.Debug|x86.Build.0 = Debug|Win32
		{29CD19AF-B64A-4A61-8595-935280A7A79E}.Final P6|x86.ActiveCfg = Final|Win32
		{29CD19AF-B64A-4A61-8595-935280A7A79E}.Final P6|x86.Build.0 = Final|Win32
		{29CD19AF-B64A-4A61-8595-935280A7A79E}.Final|x86.ActiveCfg = Final|Win32
		{29CD19AF-B64A-4A61-8595-935280A7A79E}.Final|x86.Build.0 = Final|Win32
		{29CD19AF-B64A-4A61-8595-935280A7A79E}.Release|x86.ActiveCfg = Release|Win32
		{29CD19AF-B64A-4A61-8595-935280A7A79E}.Release|x86.Build.0 = Release|Win32
		{29CD19AF-B64A-4A61-8595-935280A7A79E}.Template|x86.ActiveCfg = Template|Win32
		{29CD19AF-B64A-4A61-8595-935280A7A79E}.Template|x86.Build.0 = Template|Win32
		{F170F530-4151-4BAB-918D-6E6BDE562819}.Debug|x86.ActiveCfg = Debug|Win32
		{F170F530-4151-4BAB-918D-6E6BDE562819}.Debug|x86.Build.0 = Debug|Win32
		{F170F530-4151-4BAB-918D-6E6BDE562819}.Final P6|x86.ActiveCfg = Final|Win32
		{F170F530-4151-4BAB-918D-6E6BDE562819}.Final P6|x86.Build.0 = Final|Win32
		{F170F530-4151-4BAB-918D-6E6BDE562819}.Final|x86.ActiveCfg = Final|Win32
		{F170F530-4151-4BAB-918D-6E6BDE562819}.Final|x86.Build.0 = Final|Win32
		{F170F530-4151-4BAB-918D-6E6BDE562819}.Release|x86.ActiveCfg = Release|Win32
		{F170F530-4151-4BAB-918D-6E6BDE562819}.Release|x86.Build.0 = Release|Win32
		{F170F530-4151-4BAB-918D-6E6BDE562819}.Template|x86.ActiveCfg = Template|Win32
		{F170F530-4151-4BAB-918D-6E6BDE562819}.Template|x86.Build.0 = Template|Win32
		{0B037087-835C-4779-9610-E1022C933D9D}.Debug|x86.ActiveCfg = Debug|Win32
		{0B037087-835C-4779-9610-E1022C933D9D}.Debug|x86.Build.0 = Debug|Win32
		{0B037087-835C-4779-9610-E1022C933D9D}.Final P6|x86.ActiveCfg = Final P6|Win32
		{0B037087-835C-4779-9610-E1022C933D9D}.Final P6|x86.Build.0 = Final P6|Win32
		{0B037087-835C-4779-9610-E1022C933D9D}.Final|x86.ActiveCfg = Final|Win32
		{0B037087-835C-4779-9610-E1022C933D9D}.Final|x86.Build.0 = Final|Win32
		{0B037087-835C-4779-9610-E1022C933D9D}.Release|x86.ActiveCfg = Release|Win32
		{0B037087-835C-4779-9610-E1022C933D9D}.Release|x86.Build.0 = Release|Win32
		{0B037087-835C-4779-9610-E1022C933D9D}.Template|x86.ActiveCfg = Template|Win32
		{0B037087-835C-4779-9610-E1022C933D9D}.Template|x86.Build.0 = Template|Win32
		{8585B3DD-F839-4FD5-986A-D1358DBFFD0E}.Debug|x86.ActiveCfg = Debug|Win32
		{8585B3DD-F839-4FD5-986A-D1358DBFFD0E}.Debug|x86.Build.0 = Debug|Win32
		{8585B3DD-F839-4FD5-986A-D1358DBFFD0E}.Final P6|x86.ActiveCfg = Final P6|Win32
		{8585B3DD-F839-4FD5-986A-D1358DBFFD0E}.Final P6|x86.Build.0 = Final P6|Win32
		{8585B3DD-F839-4FD5-986A-D1358DBFFD0E}.Final|x86.ActiveCfg = Final|Win32
		{8585B3DD-F839-4FD5-986A-D1358DBFFD0E}.Final|x86.Build.0 = Final|Win32
		{8585B3DD-F839-4FD5-986A-D1358DBFFD0E}.Release|x86.ActiveCfg = Release|Win32
		{8585B3DD-F839-4FD5-986A-D1358DBFFD0E}.Release|x86.Build.0 = Release|Win32
		{8585B3DD-F839-4FD5-986A-D1358DBFFD0E}.Template|x86.ActiveCfg = Template|Win32
		{8585B3DD-F839-4FD5-986A-D1358DBFFD0E}.Template|x86.Build.0 = Template|Win32
		{F1C6EE9B-933B-4EC4-BA5B-4D6CF384C691}.Debug|x86.ActiveCfg = Debug|Win32
		{F1C6EE9B-933B-4EC4-BA5B-4D6CF384C691}.Debug|x86.Build.0 = Debug|Win32
		{F1C6EE9B-933B-4EC4-BA5B-4D6CF384C691}.Final P6|x86.ActiveCfg = Template|Win32
		{F1C6EE9B-933B-4EC4-BA5B-4D6CF384C691}.Final P6|x86.Build.0 = Template|Win32
		{F1C6EE9B-933B-4EC4-BA5B-4D6CF384C691}.Final|x86.ActiveCfg = Template|Win32
		{F1C6EE9B-933B-4EC4-BA5B-4D6CF384C691}.Final|x86.Build.0 = Template|Win32
		{F1C6EE9B-933B-4EC4-BA5B-4D6CF384C691}.Release|x86.ActiveCfg = Template|Win32
		{F1C6EE9B-933B-4EC4-BA5B-4D6CF384C691}.Release|x86.Build.0 = Template|Win32
		{F1C6EE9B-933B-4EC4-BA5B-4D6CF384C691}.Template|x86.ActiveCfg = Template|Win32
		{F1C6EE9B-933B-4EC4-BA5B-4D6CF384C691}.Template|x86.Build.0 = Template|Win32
		{7318ACF0-B2D6-4420-ABCA-88278E5D4B1B}.Debug|x86.ActiveCfg = Debug|Win32
		{7318ACF0-B2D6-4420-ABCA-88278E5D4B1B}.Debug|x86.Build.0 = Debug|Win32
		{7318ACF0-B2D6-4420-ABCA-88278E5D4B1B}.Final P6|x86.ActiveCfg = Final P6|Win32
		{7318ACF0-B2D6-4420-ABCA-88278E5D4B1B}.Final P6|x86.Build.0 = Final P6|Win32
		{7318ACF0-B2D6-4420-ABCA-88278E5D4B1B}.Final|x86.ActiveCfg = Final|Win32
		{7318ACF0-B2D6-4420-ABCA-88278E5D4B1B}.Final|x86.Build.0 = Final|Win32
		{7318ACF0-B2D6-4420-ABCA-88278E5D4B1B}.Release|x86.ActiveCfg = Release|Win32
		{7318ACF0-B2D6-4420-ABCA-88278E5D4B1B}.Release|x86.Build.0 = Release|Win32
		{7318ACF0-B2D6-4420-ABCA-88278E5D4B1B}.Template|x86.ActiveCfg = Template|Win32
		{7318ACF0-B2D6-4420-ABCA-88278E5D4B1B}.Template|x86.Build.0 = Template|Win32
		{5048E449-AF7C-4C7C-8654-002F208EB89D}.Debug|x86.ActiveCfg = Debug|Win32
		{5048E449-AF7C-4C7C-8654-002F208EB89D}.Debug|x86.Build.0 = Debug|Win32
		{5048E449-AF7C-4C7C-8654-002F208EB89D}.Final P6|x86.ActiveCfg = Template|Win32
		{5048E449-AF7C-4C7C-8654-002F208EB89D}.Final P6|x86.Build.0 = Template|Win32
		{5048E449-AF7C-4C7C-8654-002F208EB89D}.Final|x86.ActiveCfg = Template|Win32
		{5048E449-AF7C-4C7C-8654-002F208EB89D}.Final|x86.Build.0 = Template|Win32
		{5048E449-AF7C-4C7C-8654-002F208EB89D}.Release|x86.ActiveCfg = Template|Win32
		{5048E449-AF7C-4C7C-8654-002F208EB89D}.Release|x86.Build.0 = Template|Win32
		{5048E449-AF7C-4C7C-8654-002F208EB89D}.Template|x86.ActiveCfg = Template|Win32
		{5048E449-AF7C-4C7C-8654-002F208EB89D}.Template|x86.Build.0 = Template|Win32
		{CD5A7B4A-AE95-49D4-B9DA-E2736780F58E}.Debug|x86.ActiveCfg = Debug|Win32
		{CD5A7B4A-AE95-49D4-B9DA-E2736780F58E}.Debug|x86.Build.0 = Debug|Win32
		{CD5A7B4A-AE95-49D4-B9DA-E2736780F58E}.Final P6|x86.ActiveCfg = Template|Win32
		{CD5A7B4A-AE95-49D4-B9DA-E2736780F58E}.Final P6|x86.Build.0 = Template|Win32
		{CD5A7B4A-AE95-49D4-B9DA-E2736780F58E}.Final|x86.ActiveCfg = Template|Win32
		{CD5A7B4A-AE95-49D4-B9DA-E2736780F58E}.Final|x86.Build.0 = Template|Win32
		{CD5A7B4A-AE95-49D4-B9DA-E2736780F58E}.Release|x86.ActiveCfg = Template|Win32
		{CD5A7B4A-AE95-49D4-B9DA-E2736780F58E}.Release|x86.Build.0 = Template|Win32
		{CD5A7B4A-AE95-49D4-B9DA-E2736780F58E}.Template|x86.ActiveCfg = Template|Win32
		{CD5A7B4A-AE95-49D4-B9DA-E2736780F58E}.Template|x86.Build.0 = Template|Win32
		{2E3485AE-127E-4943-A49E-EE9D784B26F6}.Debug|x86.ActiveCfg = Debug|Win32
		{2E3485AE-127E-4943-A49E-EE9D784B26F6}.Debug|x86.Build.0 = Debug|Win32
		{2E3485AE-127E-4943-A49E-EE9D784B26F6}.Final P6|x86.ActiveCfg = Template|Win32
		{2E3485AE-127E-4943-A49E-EE9D784B26F6}.Final P6|x86.Build.0 = Template|Win32
		{2E3485AE-127E-4943-A49E-EE9D784B26F6}.Final|x86.ActiveCfg = Template|Win32
		{2E3485AE-127E-4943-A49E-EE9D784B26F6}.Final|x86.Build.0 = Template|Win32
		{2E3485AE-127E-4943-A49E-EE9D784B26F6}.Release|x86.ActiveCfg = Release|Win32
		{2E3485AE-127E-4943-A49E-EE9D784B26F6}.Release|x86.Build.0 = Release|Win32
		{2E3485AE-127E-4943-A49E-EE9D784B26F6}.Template|x86.ActiveCfg = Template|Win32
		{2E3485AE-127E-4943-A49E-EE9D784B26F6}.Template|x86.Build.0 = Template|Win32
		{42280C25-23B2-4052-833F-96953D4D1B95}.Debug|x86.ActiveCfg = Debug|Win32
		{42280C25-23B2-4052-833F-96953D4D1B95}.Debug|x86.Build.0 = Debug|Win32
		{42280C25-23B2-4052-833F-96953D4D1B95}.Final P6|x86.ActiveCfg = Final|Win32
		{42280C25-23B2-4052-833F-96953D4D1B95}.Final P6|x86.Build.0 = Final|Win32
		{42280C25-23B2-4052-833F-96953D4D1B95}.Final|x86.ActiveCfg = Final|Win32
		{42280C25-23B2-4052-833F-96953D4D1B95}.Final|x86.Build.0 = Final|Win32
		{42280C25-23B2-4052-833F-96953D4D1B95}.Release|x86.ActiveCfg = Release|Win32
		{42280C25-23B2-4052-833F-96953D4D1B95}.Release|x86.Build.0 = Release|Win32
		{42280C25-23B2-4052-833F-96953D4D1B95}.Template|x86.ActiveCfg = Template|Win32
		{42280C25-23B2-4052-833F-96953D4D1B95}.Template|x86.Build.0 = Template|Win32
		{7BD7CCAD-42BE-460F-B16F-23D806870BFB}.Debug|x86.ActiveCfg = Debug|Win32
		{7BD7CCAD-42BE-460F-B16F-23D806870BFB}.Debug|x86.Build.0 = Debug|Win32
		{7BD7CCAD-42BE-460F-B16F-23D806870BFB}.Final P6|x86.ActiveCfg = Final P6|Win32
		{7BD7CCAD-42BE-460F-B16F-23D806870BFB}.Final P6|x86.Build.0 = Final P6|Win32
		{7BD7CCAD-42BE-460F-B16F-23D806870BFB}.Final|x86.ActiveCfg = Final|Win32
		{7BD7CCAD-42BE-460F-B16F-23D806870BFB}.Final|x86.Build.0 = Final|Win32
		{7BD7CCAD-42BE-460F-B16F-23D806870BFB}.Release|x86.ActiveCfg = Release|Win32
		{7BD7CCAD-42BE-460F-B16F-23D806870BFB}.Release|x86.Build.0 = Release|Win32
		{7BD7CCAD-42BE-460F-B16F-23D806870BFB}.Template|x86.ActiveCfg = Template|Win32
		{7BD7CCAD-42BE-460F-B16F-23D806870BFB}.Template|x86.Build.0 = Template|Win32
		{10C5CDE6-0CF1-47BC-B61D-94F090CCFCF8}.Debug|x86.ActiveCfg = Debug|Win32
		{10C5CDE6-0CF1-47BC-B61D-94F090CCFCF8}.Debug|x86.Build.0 = Debug|Win32
		{10C5CDE6-0CF1-47BC-B61D-94F090CCFCF8}.Final P6|x86.ActiveCfg = Final P6|Win32
		{10C5CDE6-0CF1-47BC-B61D-94F090CCFCF8}.Final P6|x86.Build.0 = Final P6|Win32
		{10C5CDE6-0CF1-47BC-B61D-94F090CCFCF8}.Final|x86.ActiveCfg = Final|Win32
		{10C5CDE6-0CF1-47BC-B61D-94F090CCFCF8}.Final|x86.Build.0 = Final|Win32
		{10C5CDE6-0CF1-47BC-B61D-94F090CCFCF8}.Release|x86.ActiveCfg = Release|Win32
		{10C5CDE6-0CF1-47BC-B61D-94F090CCFCF8}.Release|x86.Build.0 = Release|Win32
		{10C5CDE6-0CF1-47BC-B61D-94F090CCFCF8}.Template|x86.ActiveCfg = Template|Win32
		{10C5CDE6-0CF1-47BC-B61D-94F090CCFCF8}.Template|x86.Build.0 = Template|Win32
		{B025A4CA-B6D4-4D6A-B0E6-DA96E04C34DD}.Debug|x86.ActiveCfg = Debug|Win32
		{B025A4CA-B6D4-4D6A-B0E6-DA96E04C34DD}.Debug|x86.Build.0 = Debug|Win32
		{B025A4CA-B6D4-4D6A-B0E6-DA96E04C34DD}.Final P6|x86.ActiveCfg = Final P6|Win32
		{B025A4CA-B6D4-4D6A-B0E6-DA96E04C34DD}.Final P6|x86.Build.0 = Final P6|Win32
		{B025A4CA-B6D4-4D6A-B0E6-DA96E04C34DD}.Final|x86.ActiveCfg = Final|Win32
		{B025A4CA-B6D4-4D6A-B0E6-DA96E04C34DD}.Final|x86.Build.0 = Final|Win32
		{B025A4CA-B6D4-4D6A-B0E6-DA96E04C34DD}.Release|x86.ActiveCfg = Release|Win32
		{B025A4CA-B6D4-4D6A-B0E6-DA96E04C34DD}.Release|x86.Build.0 = Release|Win32
		{B025A4CA-B6D4-4D6A-B0E6-DA96E04C34DD}.Template|x86.ActiveCfg = Template|Win32
		{B025A4CA-B6D4-4D6A-B0E6-DA96E04C34DD}.Template|x86.Build.0 = Template|Win32
		{6F4DE09B-A076-4F88-9096-09AF50F99D6C}.Debug|x86.ActiveCfg = Debug|Win32
		{6F4DE09B-A076-4F88-9096-09AF50F99D6C}.Debug|x86.Build.0 = Debug|Win32
		{6F4DE09B-A076-4F88-9096-09AF50F99D6C}.Final P6|x86.ActiveCfg = Final P6|Win32
		{6F4DE09B-A076-4F88-9096-09AF50F99D6C}.Final P6|x86.Build.0 = Final P6|Win32
		{6F4DE09B-A076-4F88-9096-09AF50F99D6C}.Final|x86.ActiveCfg = Final|Win32
		{6F4DE09B-A076-4F88-9096-09AF50F99D6C}.Final|x86.Build.0 = Final|Win32
		{6F4DE09B-A076-4F88-9096-09AF50F99D6C}.Release|x86.ActiveCfg = Release|Win32
		{6F4DE09B-A076-4F88-9096-09AF50F99D6C}.Release|x86.Build.0 = Release|Win32
		{6F4DE09B-A076-4F88-9096-09AF50F99D6C}.Template|x86.ActiveCfg = Template|Win32
		{6F4DE09B-A076-4F88-9096-09AF50F99D6C}.Template|x86.Build.0 = Template|Win32
		{AFF8DD1B-FE2C-41EE-AD7B-6F98BA327EF4}.Debug|x86.ActiveCfg = Debug|Win32
		{AFF8DD1B-FE2C-41EE-AD7B-6F98BA327EF4}.Debug|x86.Build.0 = Debug|Win32
		{AFF8DD1B-FE2C-41EE-AD7B-6F98BA327EF4}.Final P6|x86.ActiveCfg = Final P6|Win32
		{AFF8DD1B-FE2C-41EE-AD7B-6F98BA327EF4}.Final P6|x86.Build.0 = Final P6|Win32
		{AFF8DD1B-FE2C-41EE-AD7B-6F98BA327EF4}.Final|x86.ActiveCfg = Final|Win32
		{AFF8DD1B-FE2C-41EE-AD7B-6F98BA327EF4}.Final|x86.Build.0 = Final|Win32
		{AFF8DD1B-FE2C-41EE-AD7B-6F98BA327EF4}.Release|x86.ActiveCfg = Release|Win32
		{AFF8DD1B-FE2C-41EE-AD7B-6F98BA327EF4}.Release|x86.Build.0 = Release|Win32
		{AFF8DD1B-FE2C-41EE-AD7B-6F98BA327EF4}.Template|x86.ActiveCfg = Template|Win32
		{AFF8DD1B-FE2C-41EE-AD7B-6F98BA327EF4}.Template|x86.Build.0 = Template|Win32
		{C11D57D4-5268-4F79-9E48-88B249BAD115}.Debug|x86.ActiveCfg = Debug|Win32
		{C11D57D4-5268-4F79-9E48-88B249BAD115}.Debug|x86.Build.0 = Debug|Win32
		{C11D57D4-5268-4F79-9E48-88B249BAD115}.Final P6|x86.ActiveCfg = Template|Win32
		{C11D57D4-5268-4F79-9E48-88B249BAD115}.Final P6|x86.Build.0 = Template|Win32
		{C11D57D4-5268-4F79-9E48-88B249BAD115}.Final|x86.ActiveCfg = Template|Win32
		{C11D57D4-5268-4F79-9E48-88B249BAD115}.Final|x86.Build.0 = Template|Win32
		{C11D57D4-5268-4F79-9E48-88B249BAD115}.Release|x86.ActiveCfg = Template|Win32
		{C11D57D4-5268-4F79-9E48-88B249BAD115}.Release|x86.Build.0 = Template|Win32
		{C11D57D4-5268-4F79-9E48-88B249BAD115}.Template|x86.ActiveCfg = Template|Win32
		{C11D57D4-5268-4F79-9E48-88B249BAD115}.Template|x86.Build.0 = Template|Win32
		{0F1FDE21-EDC6-45C7-8E74-6A52AB8D484C}.Debug|x86.ActiveCfg = Debug|Win32
		{0F1FDE21-EDC6-45C7-8E74-6A52AB8D484C}.Debug|x86.Build.0 = Debug|Win32
		{0F1FDE21-EDC6-45C7-8E74-6A52AB8D484C}.Final P6|x86.ActiveCfg = Final|Win32
		{0F1FDE21-EDC6-45C7-8E74-6A52AB8D484C}.Final P6|x86.Build.0 = Final|Win32
		{0F1FDE21-EDC6-45C7-8E74-6A52AB8D484C}.Final|x86.ActiveCfg = Final|Win32
		{0F1FDE21-EDC6-45C7-8E74-6A52AB8D484C}.Final|x86.Build.0 = Final|Win32
		{0F1FDE21-EDC6-45C7-8E74-6A52AB8D484C}.Release|x86.ActiveCfg = Release|Win32
		{0F1FDE21-EDC6-45C7-8E74-6A52AB8D484C}.Release|x86.Build.0 = Release|Win32
		{0F1FDE21-EDC6-45C7-8E74-6A52AB8D484C}.Template|x86.ActiveCfg = Template|Win32
		{0F1FDE21-EDC6-45C7-8E74-6A52AB8D484C}.Template|x86.Build.0 = Template|Win32
		{B4FBC427-6C11-4DEA-A6C2-A5D51A7D6783}.Debug|x86.ActiveCfg = Debug|Win32
		{B4FBC427-6C11-4DEA-A6C2-A5D51A7D6783}.Debug|x86.Build.0 = Debug|Win32
		{B4FBC427-6C11-4DEA-A6C2-A5D51A7D6783}.Final P6|x86.ActiveCfg = Final P6|Win32
		{B4FBC427-6C11-4DEA-A6C2-A5D51A7D6783}.Final P6|x86.Build.0 = Final P6|Win32
		{B4FBC427-6C11-4DEA-A6C2-A5D51A7D6783}.Final|x86.ActiveCfg = Final|Win32
		{B4FBC427-6C11-4DEA-A6C2-A5D51A7D6783}.Final|x86.Build.0 = Final|Win32
		{B4FBC427-6C11-4DEA-A6C2-A5D51A7D6783}.Release|x86.ActiveCfg = Release|Win32
		{B4FBC427-6C11-4DEA-A6C2-A5D51A7D6783}.Release|x86.Build.0 = Release|Win32
		{B4FBC427-6C11-4DEA-A6C2-A5D51A7D6783}.Template|x86.ActiveCfg = Template|Win32
		{B4FBC427-6C11-4DEA-A6C2-A5D51A7D6783}.Template|x86.Build.0 = Template|Win32
	EndGlobalSection
	GlobalSection(SolutionProperties) = preSolution
		HideSolutionNode = FALSE
	EndGlobalSection
	GlobalSection(ExtensibilityGlobals) = postSolution
		SolutionGuid = {55E3F5DB-7A5B-45A7-AE70-7C0D9C02E560}
	EndGlobalSection
EndGlobal
