<?xml version="1.0" encoding="utf-8"?>
<Project ToolsVersion="4.0" xmlns="http://schemas.microsoft.com/developer/msbuild/2003">
  <ItemGroup>
    <Filter Include="Source Files">
      <UniqueIdentifier>{82b3ee6e-d504-43f5-b5bd-28c462bdf1b7}</UniqueIdentifier>
      <Extensions>cpp;c;cxx;rc;def;r;odl;hpj;bat;for;f90</Extensions>
    </Filter>
    <Filter Include="Header Files">
      <UniqueIdentifier>{ef99005d-e22b-4884-b57c-57b38ad69475}</UniqueIdentifier>
      <Extensions>h;hpp;hxx;hm;inl;fi;fd</Extensions>
    </Filter>
    <Filter Include="Resource Files">
      <UniqueIdentifier>{4e2a030c-8c82-46c5-bf2e-98dd72c136a7}</UniqueIdentifier>
      <Extensions>ico;cur;bmp;dlg;rc2;rct;bin;cnt;rtf;gif;jpg;jpeg;jpe</Extensions>
    </Filter>
  </ItemGroup>
  <ItemGroup>
    <ClCompile Include="Source\Lib\Renderer\Camera.cpp">
      <Filter>Source Files</Filter>
    </ClCompile>
    <ClCompile Include="Source\Lib\Renderer\Clip.cpp">
      <Filter>Source Files</Filter>
    </ClCompile>
    <ClCompile Include="Source\Lib\Renderer\ClipRegion2D.cpp">
      <Filter>Source Files</Filter>
    </ClCompile>
    <ClCompile Include="Source\Lib\Renderer\DepthSort.cpp">
      <Filter>Source Files</Filter>
    </ClCompile>
    <ClCompile Include="Source\Lib\Renderer\DepthSortTools.cpp">
      <Filter>Source Files</Filter>
    </ClCompile>
    <ClCompile Include="Source\Lib\Renderer\Fog.cpp">
      <Filter>Source Files</Filter>
    </ClCompile>
    <ClCompile Include="Source\Lib\Renderer\Light.cpp">
      <Filter>Source Files</Filter>
    </ClCompile>
    <ClCompile Include="Source\Lib\Renderer\LightBlend.cpp">
      <Filter>Source Files</Filter>
    </ClCompile>
    <ClCompile Include="Source\Lib\Renderer\Line.cpp">
      <Filter>Source Files</Filter>
    </ClCompile>
    <ClCompile Include="Source\Lib\Renderer\LineSide2D.cpp">
      <Filter>Source Files</Filter>
    </ClCompile>
    <ClCompile Include="Source\Lib\Renderer\Material.cpp">
      <Filter>Source Files</Filter>
    </ClCompile>
    <ClCompile Include="Source\Lib\Renderer\Overlay.cpp">
      <Filter>Source Files</Filter>
    </ClCompile>
    <ClCompile Include="Source\Lib\Renderer\Particles.cpp">
      <Filter>Source Files</Filter>
    </ClCompile>
    <ClCompile Include="Source\Lib\Renderer\PipeLine.cpp">
      <Filter>Source Files</Filter>
    </ClCompile>
    <ClCompile Include="Source\Lib\Renderer\PipeLineHeap.cpp">
      <Filter>Source Files</Filter>
    </ClCompile>
    <ClCompile Include="Source\Lib\Renderer\PipeLineHelp.cpp">
      <Filter>Source Files</Filter>
    </ClCompile>
    <ClCompile Include="Source\Lib\Renderer\ScreenPolygon.cpp">
      <Filter>Source Files</Filter>
    </ClCompile>
    <ClCompile Include="Source\Lib\Renderer\ScreenRender.cpp">
      <Filter>Source Files</Filter>
    </ClCompile>
    <ClCompile Include="Source\Lib\Renderer\ScreenRenderShadow.cpp">
      <Filter>Source Files</Filter>
    </ClCompile>
    <ClCompile Include="Source\Lib\Renderer\Shadow.cpp">
      <Filter>Source Files</Filter>
    </ClCompile>
    <ClCompile Include="Source\Lib\Renderer\Sky.cpp">
      <Filter>Source Files</Filter>
    </ClCompile>
    <ClCompile Include="Source\Lib\Renderer\Texture.cpp">
      <Filter>Source Files</Filter>
    </ClCompile>
  </ItemGroup>
  <ItemGroup>
    <ClInclude Include="source\Lib\Renderer\Camera.hpp">
      <Filter>Header Files</Filter>
    </ClInclude>
    <ClInclude Include="source\Lib\Renderer\Clip.hpp">
      <Filter>Header Files</Filter>
    </ClInclude>
    <ClInclude Include="source\Lib\Renderer\ClipRegion2D.hpp">
      <Filter>Header Files</Filter>
    </ClInclude>
    <ClInclude Include="source\Lib\Renderer\DepthSort.hpp">
      <Filter>Header Files</Filter>
    </ClInclude>
    <ClInclude Include="source\Lib\Renderer\DepthSortTools.hpp">
      <Filter>Header Files</Filter>
    </ClInclude>
    <ClInclude Include="source\Lib\Renderer\Fog.hpp">
      <Filter>Header Files</Filter>
    </ClInclude>
    <ClInclude Include="Source\lib\renderer\light.hpp">
      <Filter>Header Files</Filter>
    </ClInclude>
    <ClInclude Include="Source\Lib\Renderer\LightBlend.hpp">
      <Filter>Header Files</Filter>
    </ClInclude>
    <ClInclude Include="Source\Lib\Renderer\Line.hpp">
      <Filter>Header Files</Filter>
    </ClInclude>
    <ClInclude Include="source\Lib\Renderer\LineSide2D.hpp">
      <Filter>Header Files</Filter>
    </ClInclude>
    <ClInclude Include="source\Lib\Renderer\Material.hpp">
      <Filter>Header Files</Filter>
    </ClInclude>
    <ClInclude Include="Source\Lib\Renderer\Particles.hpp">
      <Filter>Header Files</Filter>
    </ClInclude>
    <ClInclude Include="source\Lib\Renderer\Pipeline.hpp">
      <Filter>Header Files</Filter>
    </ClInclude>
    <ClInclude Include="Source\Lib\Renderer\PipeLineHeap.hpp">
      <Filter>Header Files</Filter>
    </ClInclude>
    <ClInclude Include="Source\Lib\Renderer\PipeLineHelp.hpp">
      <Filter>Header Files</Filter>
    </ClInclude>
    <ClInclude Include="source\Lib\Renderer\ScreenRender.hpp">
      <Filter>Header Files</Filter>
    </ClInclude>
    <ClInclude Include="Source\Lib\Renderer\ScreenRenderShadow.hpp">
      <Filter>Header Files</Filter>
    </ClInclude>
    <ClInclude Include="source\Lib\Renderer\Shadow.hpp">
      <Filter>Header Files</Filter>
    </ClInclude>
    <ClInclude Include="source\Lib\Renderer\Sky.hpp">
      <Filter>Header Files</Filter>
    </ClInclude>
    <ClInclude Include="source\Lib\Renderer\Texture.hpp">
      <Filter>Header Files</Filter>
    </ClInclude>
  </ItemGroup>
</Project>