<?xml version="1.0" encoding="utf-8"?>
<Project ToolsVersion="4.0" xmlns="http://schemas.microsoft.com/developer/msbuild/2003">
  <ItemGroup>
    <Filter Include="Source Files">
      <UniqueIdentifier>{682a15a7-86df-4c08-a224-fdb494018563}</UniqueIdentifier>
      <Extensions>cpp;c;cxx;rc;def;r;odl;hpj;bat;for;f90</Extensions>
    </Filter>
    <Filter Include="Header Files">
      <UniqueIdentifier>{9bf5036b-350c-4c2a-a1ab-400238340277}</UniqueIdentifier>
      <Extensions>h;hpp;hxx;hm;inl;fi;fd</Extensions>
    </Filter>
    <Filter Include="Resource Files">
      <UniqueIdentifier>{f998540b-4139-4126-a957-ac2a53375a4b}</UniqueIdentifier>
      <Extensions>ico;cur;bmp;dlg;rc2;rct;bin;cnt;rtf;gif;jpg;jpeg;jpe</Extensions>
    </Filter>
  </ItemGroup>
  <ItemGroup>
    <ClCompile Include="Source\Lib\Sys\BitBuffer.cpp">
      <Filter>Source Files</Filter>
    </ClCompile>
    <ClCompile Include="Source\Lib\W95\Com.cpp">
      <Filter>Source Files</Filter>
    </ClCompile>
    <ClCompile Include="Source\Lib\Sys\ConIO.cpp">
      <Filter>Source Files</Filter>
    </ClCompile>
    <ClCompile Include="Source\Lib\control\Control.cpp">
      <Filter>Source Files</Filter>
    </ClCompile>
    <ClCompile Include="Source\Lib\Sys\DebugConsole.cpp">
      <Filter>Source Files</Filter>
    </ClCompile>
    <ClCompile Include="Source\Lib\Sys\W95\errors.cpp">
      <Filter>Source Files</Filter>
    </ClCompile>
    <ClCompile Include="Source\Lib\Sys\W95\ExePageModify.cpp">
      <Filter>Source Files</Filter>
    </ClCompile>
    <ClCompile Include="Source\Lib\Sys\W95\FastHeap.cpp">
      <Filter>Source Files</Filter>
    </ClCompile>
    <ClCompile Include="Source\Lib\Sys\W95\FileEx.cpp">
      <Filter>Source Files</Filter>
    </ClCompile>
    <ClCompile Include="Source\Lib\Sys\FileMapping.cpp">
      <Filter>Source Files</Filter>
    </ClCompile>
    <ClCompile Include="Source\Lib\Sys\FixedHeap.cpp">
      <Filter>Source Files</Filter>
    </ClCompile>
    <ClCompile Include="Source\Lib\Sys\LRU.cpp">
      <Filter>Source Files</Filter>
    </ClCompile>
    <ClCompile Include="Source\Lib\Sys\MemoryLog.cpp">
      <Filter>Source Files</Filter>
    </ClCompile>
    <ClCompile Include="Source\Lib\Sys\PerformanceCount.cpp">
      <Filter>Source Files</Filter>
    </ClCompile>
    <ClCompile Include="Source\Lib\Sys\ProcessorDetect.cpp">
      <Filter>Source Files</Filter>
    </ClCompile>
    <ClCompile Include="Source\Lib\Sys\Profile.cpp">
      <Filter>Source Files</Filter>
    </ClCompile>
    <ClCompile Include="Source\Lib\Sys\reg.cpp">
      <Filter>Source Files</Filter>
    </ClCompile>
    <ClCompile Include="Source\Lib\Sys\RegInit.cpp">
      <Filter>Source Files</Filter>
    </ClCompile>
    <ClCompile Include="Source\Lib\Sys\W95\Render.cpp">
      <Filter>Source Files</Filter>
    </ClCompile>
    <ClCompile Include="Source\Lib\Sys\Scheduler.cpp">
      <Filter>Source Files</Filter>
    </ClCompile>
    <ClCompile Include="Source\Lib\Sys\StdDialog.cpp">
      <Filter>Source Files</Filter>
    </ClCompile>
    <ClCompile Include="Source\Lib\Sys\W95\textout.cpp">
      <Filter>Source Files</Filter>
    </ClCompile>
    <ClCompile Include="Source\Lib\Sys\ThreadControl.cpp">
      <Filter>Source Files</Filter>
    </ClCompile>
    <ClCompile Include="Source\Lib\Sys\W95\timer.cpp">
      <Filter>Source Files</Filter>
    </ClCompile>
    <ClCompile Include="Source\Lib\Sys\VirtualMem.cpp">
      <Filter>Source Files</Filter>
    </ClCompile>
    <ClCompile Include="Source\Shell\WinRenderTools.cpp">
      <Filter>Source Files</Filter>
    </ClCompile>
  </ItemGroup>
  <ItemGroup>
    <Library Include="lib\DirectX\dinput.lib">
      <Filter>Source Files</Filter>
    </Library>
    <Library Include="lib\DirectX\dxguid.lib">
      <Filter>Source Files</Filter>
    </Library>
  </ItemGroup>
  <ItemGroup>
    <ClInclude Include="source\Lib\Sys\BitBuffer.hpp">
      <Filter>Header Files</Filter>
    </ClInclude>
    <ClInclude Include="source\Lib\W95\Com.hpp">
      <Filter>Header Files</Filter>
    </ClInclude>
    <ClInclude Include="Source\GblInc\Config.hpp">
      <Filter>Header Files</Filter>
    </ClInclude>
    <ClInclude Include="source\Lib\Sys\ConIO.hpp">
      <Filter>Header Files</Filter>
    </ClInclude>
    <ClInclude Include="source\lib\control\Control.hpp">
      <Filter>Header Files</Filter>
    </ClInclude>
    <ClInclude Include="source\Lib\Sys\DebugConsole.hpp">
      <Filter>Header Files</Filter>
    </ClInclude>
    <ClInclude Include="Source\Lib\Sys\Errors.hpp">
      <Filter>Header Files</Filter>
    </ClInclude>
    <ClInclude Include="Source\Lib\Sys\ExePageModify.hpp">
      <Filter>Header Files</Filter>
    </ClInclude>
    <ClInclude Include="Source\Lib\Sys\FastHeap.hpp">
      <Filter>Header Files</Filter>
    </ClInclude>
    <ClInclude Include="Source\Lib\Sys\FileMapping.hpp">
      <Filter>Header Files</Filter>
    </ClInclude>
    <ClInclude Include="source\Lib\Sys\FixedHeap.hpp">
      <Filter>Header Files</Filter>
    </ClInclude>
    <ClInclude Include="source\Lib\Sys\LRU.hpp">
      <Filter>Header Files</Filter>
    </ClInclude>
    <ClInclude Include="source\Lib\Sys\MemoryLog.hpp">
      <Filter>Header Files</Filter>
    </ClInclude>
    <ClInclude Include="Source\lib\sys\performancecount.hpp">
      <Filter>Header Files</Filter>
    </ClInclude>
    <ClInclude Include="Source\lib\sys\ProcessorDetect.hpp">
      <Filter>Header Files</Filter>
    </ClInclude>
    <ClInclude Include="source\Lib\Sys\Profile.hpp">
      <Filter>Header Files</Filter>
    </ClInclude>
    <ClInclude Include="Source\Lib\Sys\reg.h">
      <Filter>Header Files</Filter>
    </ClInclude>
    <ClInclude Include="Source\lib\sys\reginit.hpp">
      <Filter>Header Files</Filter>
    </ClInclude>
    <ClInclude Include="Source\lib\sys\w95\render.hpp">
      <Filter>Header Files</Filter>
    </ClInclude>
    <ClInclude Include="source\Lib\Sys\Scheduler.hpp">
      <Filter>Header Files</Filter>
    </ClInclude>
    <ClInclude Include="source\Lib\Sys\StdDialog.hpp">
      <Filter>Header Files</Filter>
    </ClInclude>
    <ClInclude Include="Source\Lib\Sys\ThreadControl.hpp">
      <Filter>Header Files</Filter>
    </ClInclude>
    <ClInclude Include="source\Lib\Sys\VirtualMem.hpp">
      <Filter>Header Files</Filter>
    </ClInclude>
    <ClInclude Include="Source\shell\winrendertools.hpp">
      <Filter>Header Files</Filter>
    </ClInclude>
  </ItemGroup>
</Project>